
Microsoft Visual Studio Solution File, Format Version 12.00
# Visual Studio 14
VisualStudioVersion = 14.0.24720.0
MinimumVisualStudioVersion = 10.0.40219.1
Project("{FAE04EC0-301F-11D3-BF4B-00C04F79EFBC}") = "FizzBuzz", "FizzBuzz\FizzBuzz.csproj", "{F08643FA-53E4-45C7-9641-8552839482E8}"
EndProject
Project("{FAE04EC0-301F-11D3-BF4B-00C04F79EFBC}") = "FizzBuzzUnitTests", "FizzBuzzUnitTests\FizzBuzzUnitTests.csproj", "{A2DE32CF-3C4A-45E1-BEF3-6282A278C4A1}"
EndProject
Project("{FAE04EC0-301F-11D3-BF4B-00C04F79EFBC}") = "FizzBuzzConsoleApp", "FizzBuzzConsoleApp\FizzBuzzConsoleApp.csproj", "{8A0B1800-F806-4C15-82DB-ADD94449EF2F}"
EndProject
Global
	GlobalSection(SolutionConfigurationPlatforms) = preSolution
		Debug|Any CPU = Debug|Any CPU
		Release|Any CPU = Release|Any CPU
	EndGlobalSection
	GlobalSection(ProjectConfigurationPlatforms) = postSolution
		{F08643FA-53E4-45C7-9641-8552839482E8}.Debug|Any CPU.ActiveCfg = Debug|Any CPU
		{F08643FA-53E4-45C7-9641-8552839482E8}.Debug|Any CPU.Build.0 = Debug|Any CPU
		{F08643FA-53E4-45C7-9641-8552839482E8}.Release|Any CPU.ActiveCfg = Release|Any CPU
		{F08643FA-53E4-45C7-9641-8552839482E8}.Release|Any CPU.Build.0 = Release|Any CPU
		{A2DE32CF-3C4A-45E1-BEF3-6282A278C4A1}.Debug|Any CPU.ActiveCfg = Debug|Any CPU
		{A2DE32CF-3C4A-45E1-BEF3-6282A278C4A1}.Debug|Any CPU.Build.0 = Debug|Any CPU
		{A2DE32CF-3C4A-45E1-BEF3-6282A278C4A1}.Release|Any CPU.ActiveCfg = Release|Any CPU
		{A2DE32CF-3C4A-45E1-BEF3-6282A278C4A1}.Release|Any CPU.Build.0 = Release|Any CPU
		{8A0B1800-F806-4C15-82DB-ADD94449EF2F}.Debug|Any CPU.ActiveCfg = Debug|Any CPU
		{8A0B1800-F806-4C15-82DB-ADD94449EF2F}.Debug|Any CPU.Build.0 = Debug|Any CPU
		{8A0B1800-F806-4C15-82DB-ADD94449EF2F}.Release|Any CPU.ActiveCfg = Release|Any CPU
		{8A0B1800-F806-4C15-82DB-ADD94449EF2F}.Release|Any CPU.Build.0 = Release|Any CPU
	EndGlobalSection
	GlobalSection(SolutionProperties) = preSolution
		HideSolutionNode = FALSE
	EndGlobalSection
EndGlobal
